
Microsoft Visual Studio Solution File, Format Version 12.00
# Visual Studio Version 17
VisualStudioVersion = 17.11.35431.28
MinimumVisualStudioVersion = 10.0.40219.1
Project("{FAE04EC0-301F-11D3-BF4B-00C04F79EFBC}") = "task day 3", "task day 3\task day 3.csproj", "{B7532BCB-1983-4378-824F-DBCA2B32CB14}"
EndProject
Global
	GlobalSection(SolutionConfigurationPlatforms) = preSolution
		Debug|Any CPU = Debug|Any CPU
		Release|Any CPU = Release|Any CPU
	EndGlobalSection
	GlobalSection(ProjectConfigurationPlatforms) = postSolution
		{B7532BCB-1983-4378-824F-DBCA2B32CB14}.Debug|Any CPU.ActiveCfg = Debug|Any CPU
		{B7532BCB-1983-4378-824F-DBCA2B32CB14}.Debug|Any CPU.Build.0 = Debug|Any CPU
		{B7532BCB-1983-4378-824F-DBCA2B32CB14}.Release|Any CPU.ActiveCfg = Release|Any CPU
		{B7532BCB-1983-4378-824F-DBCA2B32CB14}.Release|Any CPU.Build.0 = Release|Any CPU
	EndGlobalSection
	GlobalSection(SolutionProperties) = preSolution
		HideSolutionNode = FALSE
	EndGlobalSection
	GlobalSection(ExtensibilityGlobals) = postSolution
		SolutionGuid = {654593C6-3DB4-4976-8790-8F563384477B}
	EndGlobalSection
EndGlobal
